
Microsoft Visual Studio Solution File, Format Version 12.00
# Visual Studio Version 17
VisualStudioVersion = 17.12.35527.113
MinimumVisualStudioVersion = 10.0.40219.1
Project("{FAE04EC0-301F-11D3-BF4B-00C04F79EFBC}") = "FiapCloudGames.API", "FiapCloudGames.API\FiapCloudGames.API.csproj", "{85E44CA3-8731-4890-87E3-18ED0F35A1A7}"
EndProject
Project("{2150E333-8FDC-42A3-9474-1A3956D46DE8}") = "FiapGames.API", "FiapGames.API", "{0462CFEA-56D1-400A-959C-E86DDF2882C8}"
EndProject
Project("{2150E333-8FDC-42A3-9474-1A3956D46DE8}") = "FiapGames.Infra", "FiapGames.Infra", "{0996B4E9-CA9B-494C-A655-FE7AF137EE93}"
EndProject
Project("{2150E333-8FDC-42A3-9474-1A3956D46DE8}") = "FiapGames.Domain", "FiapGames.Domain", "{D0AD91A5-8C7B-49EC-A766-14FACFFD087D}"
EndProject
Project("{FAE04EC0-301F-11D3-BF4B-00C04F79EFBC}") = "FiapGames.Domain", "FiapGames.Domain\FiapGames.Domain.csproj", "{296F89BB-1E40-4458-8A2E-39010B8C3CD3}"
EndProject
Project("{FAE04EC0-301F-11D3-BF4B-00C04F79EFBC}") = "FiapGames.Infra", "FiapGames.Infra\FiapGames.Infra.csproj", "{93F61CC6-EBB9-49EF-AA36-827DA68BAC13}"
EndProject
Project("{2150E333-8FDC-42A3-9474-1A3956D46DE8}") = "Application", "Application", "{A5B0319F-0224-4AD3-B1EA-EB8EBD441394}"
EndProject
Project("{2150E333-8FDC-42A3-9474-1A3956D46DE8}") = "FiapGames.Tests", "FiapGames.Tests", "{507AEA5D-CA5A-47DA-9999-1B60CB9630D6}"
EndProject
Project("{2150E333-8FDC-42A3-9474-1A3956D46DE8}") = "FiapGames.Core", "FiapGames.Core", "{3C40E7C4-82C5-4EC0-9BAC-9478B6EFB03A}"
EndProject
Project("{FAE04EC0-301F-11D3-BF4B-00C04F79EFBC}") = "FiapGames.Core", "FiapGames.Core\FiapGames.Core\FiapGames.Core.csproj", "{33B113C8-373C-4A17-8D25-95D7D80598F2}"
EndProject
Project("{FAE04EC0-301F-11D3-BF4B-00C04F79EFBC}") = "FiapGames.Application", "FiapGames.Application\FiapGames.Application.csproj", "{A2FB2527-2851-4124-8089-FE38020712B7}"
EndProject
Project("{FAE04EC0-301F-11D3-BF4B-00C04F79EFBC}") = "FiapGames.Test", "FiapGames.Test\FiapGames.Test.csproj", "{F3554D86-5B6D-4FF0-9D94-A9F6B3BD8EF6}"
EndProject
Global
	GlobalSection(SolutionConfigurationPlatforms) = preSolution
		Debug|Any CPU = Debug|Any CPU
		Release|Any CPU = Release|Any CPU
	EndGlobalSection
	GlobalSection(ProjectConfigurationPlatforms) = postSolution
		{85E44CA3-8731-4890-87E3-18ED0F35A1A7}.Debug|Any CPU.ActiveCfg = Debug|Any CPU
		{85E44CA3-8731-4890-87E3-18ED0F35A1A7}.Debug|Any CPU.Build.0 = Debug|Any CPU
		{85E44CA3-8731-4890-87E3-18ED0F35A1A7}.Release|Any CPU.ActiveCfg = Release|Any CPU
		{85E44CA3-8731-4890-87E3-18ED0F35A1A7}.Release|Any CPU.Build.0 = Release|Any CPU
		{296F89BB-1E40-4458-8A2E-39010B8C3CD3}.Debug|Any CPU.ActiveCfg = Debug|Any CPU
		{296F89BB-1E40-4458-8A2E-39010B8C3CD3}.Debug|Any CPU.Build.0 = Debug|Any CPU
		{296F89BB-1E40-4458-8A2E-39010B8C3CD3}.Release|Any CPU.ActiveCfg = Release|Any CPU
		{296F89BB-1E40-4458-8A2E-39010B8C3CD3}.Release|Any CPU.Build.0 = Release|Any CPU
		{93F61CC6-EBB9-49EF-AA36-827DA68BAC13}.Debug|Any CPU.ActiveCfg = Debug|Any CPU
		{93F61CC6-EBB9-49EF-AA36-827DA68BAC13}.Debug|Any CPU.Build.0 = Debug|Any CPU
		{93F61CC6-EBB9-49EF-AA36-827DA68BAC13}.Release|Any CPU.ActiveCfg = Release|Any CPU
		{93F61CC6-EBB9-49EF-AA36-827DA68BAC13}.Release|Any CPU.Build.0 = Release|Any CPU
		{33B113C8-373C-4A17-8D25-95D7D80598F2}.Debug|Any CPU.ActiveCfg = Debug|Any CPU
		{33B113C8-373C-4A17-8D25-95D7D80598F2}.Debug|Any CPU.Build.0 = Debug|Any CPU
		{33B113C8-373C-4A17-8D25-95D7D80598F2}.Release|Any CPU.ActiveCfg = Release|Any CPU
		{33B113C8-373C-4A17-8D25-95D7D80598F2}.Release|Any CPU.Build.0 = Release|Any CPU
		{A2FB2527-2851-4124-8089-FE38020712B7}.Debug|Any CPU.ActiveCfg = Debug|Any CPU
		{A2FB2527-2851-4124-8089-FE38020712B7}.Debug|Any CPU.Build.0 = Debug|Any CPU
		{A2FB2527-2851-4124-8089-FE38020712B7}.Release|Any CPU.ActiveCfg = Release|Any CPU
		{A2FB2527-2851-4124-8089-FE38020712B7}.Release|Any CPU.Build.0 = Release|Any CPU
		{F3554D86-5B6D-4FF0-9D94-A9F6B3BD8EF6}.Debug|Any CPU.ActiveCfg = Debug|Any CPU
		{F3554D86-5B6D-4FF0-9D94-A9F6B3BD8EF6}.Debug|Any CPU.Build.0 = Debug|Any CPU
		{F3554D86-5B6D-4FF0-9D94-A9F6B3BD8EF6}.Release|Any CPU.ActiveCfg = Release|Any CPU
		{F3554D86-5B6D-4FF0-9D94-A9F6B3BD8EF6}.Release|Any CPU.Build.0 = Release|Any CPU
	EndGlobalSection
	GlobalSection(SolutionProperties) = preSolution
		HideSolutionNode = FALSE
	EndGlobalSection
	GlobalSection(NestedProjects) = preSolution
		{85E44CA3-8731-4890-87E3-18ED0F35A1A7} = {0462CFEA-56D1-400A-959C-E86DDF2882C8}
		{296F89BB-1E40-4458-8A2E-39010B8C3CD3} = {D0AD91A5-8C7B-49EC-A766-14FACFFD087D}
		{93F61CC6-EBB9-49EF-AA36-827DA68BAC13} = {0996B4E9-CA9B-494C-A655-FE7AF137EE93}
		{33B113C8-373C-4A17-8D25-95D7D80598F2} = {3C40E7C4-82C5-4EC0-9BAC-9478B6EFB03A}
		{A2FB2527-2851-4124-8089-FE38020712B7} = {A5B0319F-0224-4AD3-B1EA-EB8EBD441394}
		{F3554D86-5B6D-4FF0-9D94-A9F6B3BD8EF6} = {507AEA5D-CA5A-47DA-9999-1B60CB9630D6}
	EndGlobalSection
	GlobalSection(ExtensibilityGlobals) = postSolution
		SolutionGuid = {8D910074-EC85-4200-B89E-4E12BD5306DB}
	EndGlobalSection
EndGlobal
