
Microsoft Visual Studio Solution File, Format Version 12.00
# Visual Studio Version 17
VisualStudioVersion = 17.12.35527.113
MinimumVisualStudioVersion = 10.0.40219.1
Project("{FAE04EC0-301F-11D3-BF4B-00C04F79EFBC}") = "FiapCloudGames.API", "FiapCloudGames.API\FiapCloudGames.API.csproj", "{85E44CA3-8731-4890-87E3-18ED0F35A1A7}"
EndProject
Project("{2150E333-8FDC-42A3-9474-1A3956D46DE8}") = "FiapGames.API", "FiapGames.API", "{0462CFEA-56D1-400A-959C-E86DDF2882C8}"
EndProject
Project("{2150E333-8FDC-42A3-9474-1A3956D46DE8}") = "FiapGames.Infra", "FiapGames.Infra", "{0996B4E9-CA9B-494C-A655-FE7AF137EE93}"
EndProject
Project("{2150E333-8FDC-42A3-9474-1A3956D46DE8}") = "FiapGames.Domain", "FiapGames.Domain", "{D0AD91A5-8C7B-49EC-A766-14FACFFD087D}"
EndProject
Project("{FAE04EC0-301F-11D3-BF4B-00C04F79EFBC}") = "FiapGames.Domain", "FiapGames.Domain\FiapGames.Domain.csproj", "{296F89BB-1E40-4458-8A2E-39010B8C3CD3}"
EndProject
Project("{FAE04EC0-301F-11D3-BF4B-00C04F79EFBC}") = "FiapGames.Infra", "FiapGames.Infra\FiapGames.Infra.csproj", "{93F61CC6-EBB9-49EF-AA36-827DA68BAC13}"
EndProject
Project("{2150E333-8FDC-42A3-9474-1A3956D46DE8}") = "Data", "Data", "{7147A23E-3F29-42A7-83BE-6728B58E71B6}"
EndProject
Project("{2150E333-8FDC-42A3-9474-1A3956D46DE8}") = "Context", "Context", "{569E8A6F-5610-4230-A7AA-BA7EC348296E}"
EndProject
Project("{2150E333-8FDC-42A3-9474-1A3956D46DE8}") = "Agregates", "Agregates", "{5200565A-A7CF-4C8F-8704-7E7AF44EDBE7}"
EndProject
Project("{2150E333-8FDC-42A3-9474-1A3956D46DE8}") = "Handles", "Handles", "{20F65B0C-3647-4BF4-9B58-58A2BC337D7B}"
EndProject
Project("{2150E333-8FDC-42A3-9474-1A3956D46DE8}") = "Interfaces", "Interfaces", "{42E2ACBF-0EE9-44AE-9CE1-49C9BB04F702}"
EndProject
Project("{2150E333-8FDC-42A3-9474-1A3956D46DE8}") = "Repository", "Repository", "{3F6A9B66-972B-4039-8EBC-3326C341543E}"
EndProject
Project("{2150E333-8FDC-42A3-9474-1A3956D46DE8}") = "Mappings", "Mappings", "{57863B2C-3182-455A-923F-7B79FC51E2C4}"
EndProject
Project("{2150E333-8FDC-42A3-9474-1A3956D46DE8}") = "Application", "Application", "{A5B0319F-0224-4AD3-B1EA-EB8EBD441394}"
EndProject
Project("{2150E333-8FDC-42A3-9474-1A3956D46DE8}") = "ViewModels", "ViewModels", "{CEAABF35-30AE-4BF0-89B2-10D68EFF9F49}"
EndProject
Project("{2150E333-8FDC-42A3-9474-1A3956D46DE8}") = "Interfaces", "Interfaces", "{5C735978-09DB-4FFA-BBF8-BDCA5952FE57}"
EndProject
Project("{2150E333-8FDC-42A3-9474-1A3956D46DE8}") = "Helper", "Helper", "{D9638741-5D58-4F1D-9BB6-1416AF78BA02}"
EndProject
Project("{2150E333-8FDC-42A3-9474-1A3956D46DE8}") = "Automapper", "Automapper", "{6768083A-7333-448B-A4BE-1952717A9CCC}"
EndProject
Project("{2150E333-8FDC-42A3-9474-1A3956D46DE8}") = "FiapGames.Tests", "FiapGames.Tests", "{507AEA5D-CA5A-47DA-9999-1B60CB9630D6}"
EndProject
Project("{2150E333-8FDC-42A3-9474-1A3956D46DE8}") = "FiapGames.Core", "FiapGames.Core", "{3C40E7C4-82C5-4EC0-9BAC-9478B6EFB03A}"
EndProject
Project("{2150E333-8FDC-42A3-9474-1A3956D46DE8}") = "Services", "Services", "{DD992D67-2351-4324-BA15-A5F4E9CD74D1}"
EndProject
Project("{FAE04EC0-301F-11D3-BF4B-00C04F79EFBC}") = "FiapGames.Core", "FiapGames.Core\FiapGames.Core\FiapGames.Core.csproj", "{33B113C8-373C-4A17-8D25-95D7D80598F2}"
EndProject
Project("{2150E333-8FDC-42A3-9474-1A3956D46DE8}") = "Configure", "Configure", "{02EA681E-C7D8-13C7-8484-4AC65E1B71E8}"
	ProjectSection(SolutionItems) = preProject
		UsuarioConfiguration.cs = UsuarioConfiguration.cs
	EndProjectSection
EndProject
Project("{2150E333-8FDC-42A3-9474-1A3956D46DE8}") = "Models", "Models", "{CDE410C6-62FF-4258-A681-7B855932017F}"
	ProjectSection(SolutionItems) = preProject
		ModelBase.cs = ModelBase.cs
		Usuario.cs = Usuario.cs
	EndProjectSection
EndProject
Global
	GlobalSection(SolutionConfigurationPlatforms) = preSolution
		Debug|Any CPU = Debug|Any CPU
		Release|Any CPU = Release|Any CPU
	EndGlobalSection
	GlobalSection(ProjectConfigurationPlatforms) = postSolution
		{85E44CA3-8731-4890-87E3-18ED0F35A1A7}.Debug|Any CPU.ActiveCfg = Debug|Any CPU
		{85E44CA3-8731-4890-87E3-18ED0F35A1A7}.Debug|Any CPU.Build.0 = Debug|Any CPU
		{85E44CA3-8731-4890-87E3-18ED0F35A1A7}.Release|Any CPU.ActiveCfg = Release|Any CPU
		{85E44CA3-8731-4890-87E3-18ED0F35A1A7}.Release|Any CPU.Build.0 = Release|Any CPU
		{296F89BB-1E40-4458-8A2E-39010B8C3CD3}.Debug|Any CPU.ActiveCfg = Debug|Any CPU
		{296F89BB-1E40-4458-8A2E-39010B8C3CD3}.Debug|Any CPU.Build.0 = Debug|Any CPU
		{296F89BB-1E40-4458-8A2E-39010B8C3CD3}.Release|Any CPU.ActiveCfg = Release|Any CPU
		{296F89BB-1E40-4458-8A2E-39010B8C3CD3}.Release|Any CPU.Build.0 = Release|Any CPU
		{93F61CC6-EBB9-49EF-AA36-827DA68BAC13}.Debug|Any CPU.ActiveCfg = Debug|Any CPU
		{93F61CC6-EBB9-49EF-AA36-827DA68BAC13}.Debug|Any CPU.Build.0 = Debug|Any CPU
		{93F61CC6-EBB9-49EF-AA36-827DA68BAC13}.Release|Any CPU.ActiveCfg = Release|Any CPU
		{93F61CC6-EBB9-49EF-AA36-827DA68BAC13}.Release|Any CPU.Build.0 = Release|Any CPU
		{33B113C8-373C-4A17-8D25-95D7D80598F2}.Debug|Any CPU.ActiveCfg = Debug|Any CPU
		{33B113C8-373C-4A17-8D25-95D7D80598F2}.Debug|Any CPU.Build.0 = Debug|Any CPU
		{33B113C8-373C-4A17-8D25-95D7D80598F2}.Release|Any CPU.ActiveCfg = Release|Any CPU
		{33B113C8-373C-4A17-8D25-95D7D80598F2}.Release|Any CPU.Build.0 = Release|Any CPU
	EndGlobalSection
	GlobalSection(SolutionProperties) = preSolution
		HideSolutionNode = FALSE
	EndGlobalSection
	GlobalSection(NestedProjects) = preSolution
		{85E44CA3-8731-4890-87E3-18ED0F35A1A7} = {0462CFEA-56D1-400A-959C-E86DDF2882C8}
		{296F89BB-1E40-4458-8A2E-39010B8C3CD3} = {D0AD91A5-8C7B-49EC-A766-14FACFFD087D}
		{93F61CC6-EBB9-49EF-AA36-827DA68BAC13} = {0996B4E9-CA9B-494C-A655-FE7AF137EE93}
		{7147A23E-3F29-42A7-83BE-6728B58E71B6} = {0996B4E9-CA9B-494C-A655-FE7AF137EE93}
		{569E8A6F-5610-4230-A7AA-BA7EC348296E} = {7147A23E-3F29-42A7-83BE-6728B58E71B6}
		{5200565A-A7CF-4C8F-8704-7E7AF44EDBE7} = {D0AD91A5-8C7B-49EC-A766-14FACFFD087D}
		{20F65B0C-3647-4BF4-9B58-58A2BC337D7B} = {D0AD91A5-8C7B-49EC-A766-14FACFFD087D}
		{42E2ACBF-0EE9-44AE-9CE1-49C9BB04F702} = {20F65B0C-3647-4BF4-9B58-58A2BC337D7B}
		{3F6A9B66-972B-4039-8EBC-3326C341543E} = {7147A23E-3F29-42A7-83BE-6728B58E71B6}
		{57863B2C-3182-455A-923F-7B79FC51E2C4} = {7147A23E-3F29-42A7-83BE-6728B58E71B6}
		{CEAABF35-30AE-4BF0-89B2-10D68EFF9F49} = {A5B0319F-0224-4AD3-B1EA-EB8EBD441394}
		{5C735978-09DB-4FFA-BBF8-BDCA5952FE57} = {A5B0319F-0224-4AD3-B1EA-EB8EBD441394}
		{D9638741-5D58-4F1D-9BB6-1416AF78BA02} = {A5B0319F-0224-4AD3-B1EA-EB8EBD441394}
		{6768083A-7333-448B-A4BE-1952717A9CCC} = {A5B0319F-0224-4AD3-B1EA-EB8EBD441394}
		{DD992D67-2351-4324-BA15-A5F4E9CD74D1} = {D0AD91A5-8C7B-49EC-A766-14FACFFD087D}
		{33B113C8-373C-4A17-8D25-95D7D80598F2} = {3C40E7C4-82C5-4EC0-9BAC-9478B6EFB03A}
		{02EA681E-C7D8-13C7-8484-4AC65E1B71E8} = {7147A23E-3F29-42A7-83BE-6728B58E71B6}
		{CDE410C6-62FF-4258-A681-7B855932017F} = {3C40E7C4-82C5-4EC0-9BAC-9478B6EFB03A}
	EndGlobalSection
	GlobalSection(ExtensibilityGlobals) = postSolution
		SolutionGuid = {8D910074-EC85-4200-B89E-4E12BD5306DB}
	EndGlobalSection
EndGlobal
